
Microsoft Visual Studio Solution File, Format Version 12.00
# Visual Studio Version 17
VisualStudioVersion = 17.4.33205.214
MinimumVisualStudioVersion = 10.0.40219.1
Project("{9A19103F-16F7-4668-BE54-9A1E7A4F7556}") = "Herencia", "Herencia.csproj", "{6495F4B4-9F8E-4C72-AEEB-51BF9DA85A18}"
EndProject
Global
	GlobalSection(SolutionConfigurationPlatforms) = preSolution
		Debug|Any CPU = Debug|Any CPU
		Release|Any CPU = Release|Any CPU
	EndGlobalSection
	GlobalSection(ProjectConfigurationPlatforms) = postSolution
		{6495F4B4-9F8E-4C72-AEEB-51BF9DA85A18}.Debug|Any CPU.ActiveCfg = Debug|Any CPU
		{6495F4B4-9F8E-4C72-AEEB-51BF9DA85A18}.Debug|Any CPU.Build.0 = Debug|Any CPU
		{6495F4B4-9F8E-4C72-AEEB-51BF9DA85A18}.Release|Any CPU.ActiveCfg = Release|Any CPU
		{6495F4B4-9F8E-4C72-AEEB-51BF9DA85A18}.Release|Any CPU.Build.0 = Release|Any CPU
	EndGlobalSection
	GlobalSection(SolutionProperties) = preSolution
		HideSolutionNode = FALSE
	EndGlobalSection
	GlobalSection(ExtensibilityGlobals) = postSolution
		SolutionGuid = {080918E7-F55F-4A64-8254-0A6B5B311CBD}
	EndGlobalSection
EndGlobal
